
Microsoft Visual Studio Solution File, Format Version 12.00
# Visual Studio Version 17
VisualStudioVersion = 17.2.32630.192
MinimumVisualStudioVersion = 10.0.40219.1
Project("{FAE04EC0-301F-11D3-BF4B-00C04F79EFBC}") = "TDD-Practice", "TDD-Practice\TDD-Practice.csproj", "{C740155D-BA4E-46D4-BB0E-27ACDBF2CF6C}"
EndProject
Project("{FAE04EC0-301F-11D3-BF4B-00C04F79EFBC}") = "TDD-Tests", "TDD-Tests\TDD-Tests.csproj", "{D9CBC705-F0B5-4974-96FB-4A529EA5E0AB}"
EndProject
Global
	GlobalSection(SolutionConfigurationPlatforms) = preSolution
		Debug|Any CPU = Debug|Any CPU
		Release|Any CPU = Release|Any CPU
	EndGlobalSection
	GlobalSection(ProjectConfigurationPlatforms) = postSolution
		{C740155D-BA4E-46D4-BB0E-27ACDBF2CF6C}.Debug|Any CPU.ActiveCfg = Debug|Any CPU
		{C740155D-BA4E-46D4-BB0E-27ACDBF2CF6C}.Debug|Any CPU.Build.0 = Debug|Any CPU
		{C740155D-BA4E-46D4-BB0E-27ACDBF2CF6C}.Release|Any CPU.ActiveCfg = Release|Any CPU
		{C740155D-BA4E-46D4-BB0E-27ACDBF2CF6C}.Release|Any CPU.Build.0 = Release|Any CPU
		{D9CBC705-F0B5-4974-96FB-4A529EA5E0AB}.Debug|Any CPU.ActiveCfg = Debug|Any CPU
		{D9CBC705-F0B5-4974-96FB-4A529EA5E0AB}.Debug|Any CPU.Build.0 = Debug|Any CPU
		{D9CBC705-F0B5-4974-96FB-4A529EA5E0AB}.Release|Any CPU.ActiveCfg = Release|Any CPU
		{D9CBC705-F0B5-4974-96FB-4A529EA5E0AB}.Release|Any CPU.Build.0 = Release|Any CPU
	EndGlobalSection
	GlobalSection(SolutionProperties) = preSolution
		HideSolutionNode = FALSE
	EndGlobalSection
	GlobalSection(ExtensibilityGlobals) = postSolution
		SolutionGuid = {C1C15BD8-1199-48A5-923A-451D647696A0}
	EndGlobalSection
EndGlobal
