
Microsoft Visual Studio Solution File, Format Version 12.00
# Visual Studio Version 17
VisualStudioVersion = 17.2.32630.192
MinimumVisualStudioVersion = 10.0.40219.1
Project("{FAE04EC0-301F-11D3-BF4B-00C04F79EFBC}") = "Exercism", "Exercism\Exercism.csproj", "{04C9342D-0BE3-4BE0-A9F3-625A77B2D0E4}"
EndProject
Global
	GlobalSection(SolutionConfigurationPlatforms) = preSolution
		Debug|Any CPU = Debug|Any CPU
		Release|Any CPU = Release|Any CPU
	EndGlobalSection
	GlobalSection(ProjectConfigurationPlatforms) = postSolution
		{04C9342D-0BE3-4BE0-A9F3-625A77B2D0E4}.Debug|Any CPU.ActiveCfg = Debug|Any CPU
		{04C9342D-0BE3-4BE0-A9F3-625A77B2D0E4}.Debug|Any CPU.Build.0 = Debug|Any CPU
		{04C9342D-0BE3-4BE0-A9F3-625A77B2D0E4}.Release|Any CPU.ActiveCfg = Release|Any CPU
		{04C9342D-0BE3-4BE0-A9F3-625A77B2D0E4}.Release|Any CPU.Build.0 = Release|Any CPU
	EndGlobalSection
	GlobalSection(SolutionProperties) = preSolution
		HideSolutionNode = FALSE
	EndGlobalSection
	GlobalSection(ExtensibilityGlobals) = postSolution
		SolutionGuid = {9232ED99-7271-4136-9E04-82EBE650F25F}
	EndGlobalSection
EndGlobal
