
Microsoft Visual Studio Solution File, Format Version 12.00
# Visual Studio Version 17
VisualStudioVersion = 17.2.32630.192
MinimumVisualStudioVersion = 10.0.40219.1
Project("{FAE04EC0-301F-11D3-BF4B-00C04F79EFBC}") = "Models", "Models\Models.csproj", "{DD1141DB-E1C3-4541-8635-0F37799C7331}"
EndProject
Global
	GlobalSection(SolutionConfigurationPlatforms) = preSolution
		Debug|Any CPU = Debug|Any CPU
		Release|Any CPU = Release|Any CPU
	EndGlobalSection
	GlobalSection(ProjectConfigurationPlatforms) = postSolution
		{DD1141DB-E1C3-4541-8635-0F37799C7331}.Debug|Any CPU.ActiveCfg = Debug|Any CPU
		{DD1141DB-E1C3-4541-8635-0F37799C7331}.Debug|Any CPU.Build.0 = Debug|Any CPU
		{DD1141DB-E1C3-4541-8635-0F37799C7331}.Release|Any CPU.ActiveCfg = Release|Any CPU
		{DD1141DB-E1C3-4541-8635-0F37799C7331}.Release|Any CPU.Build.0 = Release|Any CPU
	EndGlobalSection
	GlobalSection(SolutionProperties) = preSolution
		HideSolutionNode = FALSE
	EndGlobalSection
	GlobalSection(ExtensibilityGlobals) = postSolution
		SolutionGuid = {E0E75998-B907-41D0-8AD5-98D010DD2EF1}
	EndGlobalSection
EndGlobal
